
Microsoft Visual Studio Solution File, Format Version 12.00
# Visual Studio Version 17
VisualStudioVersion = 17.14.36408.4 d17.14
MinimumVisualStudioVersion = 10.0.40219.1
Project("{FAE04EC0-301F-11D3-BF4B-00C04F79EFBC}") = "PrintSpoolJobService", "PrintSpoolJobService.csproj", "{249F0C0B-3F8C-4647-A4AE-A934529219C1}"
EndProject
Global
	GlobalSection(SolutionConfigurationPlatforms) = preSolution
		Debug|Any CPU = Debug|Any CPU
		Release|Any CPU = Release|Any CPU
	EndGlobalSection
	GlobalSection(ProjectConfigurationPlatforms) = postSolution
		{249F0C0B-3F8C-4647-A4AE-A934529219C1}.Debug|Any CPU.ActiveCfg = Debug|Any CPU
		{249F0C0B-3F8C-4647-A4AE-A934529219C1}.Debug|Any CPU.Build.0 = Debug|Any CPU
		{249F0C0B-3F8C-4647-A4AE-A934529219C1}.Release|Any CPU.ActiveCfg = Release|Any CPU
		{249F0C0B-3F8C-4647-A4AE-A934529219C1}.Release|Any CPU.Build.0 = Release|Any CPU
	EndGlobalSection
	GlobalSection(SolutionProperties) = preSolution
		HideSolutionNode = FALSE
	EndGlobalSection
	GlobalSection(ExtensibilityGlobals) = postSolution
		SolutionGuid = {14F1370D-2326-4567-B088-492CE4511A83}
	EndGlobalSection
EndGlobal
